// !$*UTF8*$!
{
	archiveVersion = 1;
	classes = {
	};
	objectVersion = 56;
	objects = {

/* Begin PBXBuildFile section */
		52324306292EFD9C009D5898 /* PasswordSuggestStruct.swift in Sources */ = {isa = PBXBuildFile; fileRef = 52324305292EFD9C009D5898 /* PasswordSuggestStruct.swift */; };
		52324308292F00FA009D5898 /* ProfileDefaults.swift in Sources */ = {isa = PBXBuildFile; fileRef = 52324307292F00FA009D5898 /* ProfileDefaults.swift */; };
		52F84E2B292D7BF800B40FAE /* AppDelegate.swift in Sources */ = {isa = PBXBuildFile; fileRef = 52F84E2A292D7BF800B40FAE /* AppDelegate.swift */; };
		52F84E2D292D7BF800B40FAE /* ViewController.swift in Sources */ = {isa = PBXBuildFile; fileRef = 52F84E2C292D7BF800B40FAE /* ViewController.swift */; };
		52F84E2F292D7BFA00B40FAE /* Assets.xcassets in Resources */ = {isa = PBXBuildFile; fileRef = 52F84E2E292D7BFA00B40FAE /* Assets.xcassets */; };
		52F84E32292D7BFA00B40FAE /* Main.storyboard in Resources */ = {isa = PBXBuildFile; fileRef = 52F84E30292D7BFA00B40FAE /* Main.storyboard */; };
/* End PBXBuildFile section */

/* Begin PBXFileReference section */
		52324305292EFD9C009D5898 /* PasswordSuggestStruct.swift */ = {isa = PBXFileReference; lastKnownFileType = sourcecode.swift; path = PasswordSuggestStruct.swift; sourceTree = "<group>"; };
		52324307292F00FA009D5898 /* ProfileDefaults.swift */ = {isa = PBXFileReference; lastKnownFileType = sourcecode.swift; path = ProfileDefaults.swift; sourceTree = "<group>"; };
		52F84E27292D7BF800B40FAE /* Password Strength.app */ = {isa = PBXFileReference; explicitFileType = wrapper.application; includeInIndex = 0; path = "Password Strength.app"; sourceTree = BUILT_PRODUCTS_DIR; };
		52F84E2A292D7BF800B40FAE /* AppDelegate.swift */ = {isa = PBXFileReference; lastKnownFileType = sourcecode.swift; path = AppDelegate.swift; sourceTree = "<group>"; };
		52F84E2C292D7BF800B40FAE /* ViewController.swift */ = {isa = PBXFileReference; lastKnownFileType = sourcecode.swift; path = ViewController.swift; sourceTree = "<group>"; };
		52F84E2E292D7BFA00B40FAE /* Assets.xcassets */ = {isa = PBXFileReference; lastKnownFileType = folder.assetcatalog; path = Assets.xcassets; sourceTree = "<group>"; };
		52F84E31292D7BFA00B40FAE /* Base */ = {isa = PBXFileReference; lastKnownFileType = file.storyboard; name = Base; path = Base.lproj/Main.storyboard; sourceTree = "<group>"; };
		52F84E33292D7BFA00B40FAE /* Password_Strength.entitlements */ = {isa = PBXFileReference; lastKnownFileType = text.plist.entitlements; path = Password_Strength.entitlements; sourceTree = "<group>"; };
/* End PBXFileReference section */

/* Begin PBXFrameworksBuildPhase section */
		52F84E24292D7BF800B40FAE /* Frameworks */ = {
			isa = PBXFrameworksBuildPhase;
			buildActionMask = 2147483647;
			files = (
			);
			runOnlyForDeploymentPostprocessing = 0;
		};
/* End PBXFrameworksBuildPhase section */

/* Begin PBXGroup section */
		52324304292EFC98009D5898 /* TableDataProfiles */ = {
			isa = PBXGroup;
			children = (
				52324305292EFD9C009D5898 /* PasswordSuggestStruct.swift */,
				52324307292F00FA009D5898 /* ProfileDefaults.swift */,
			);
			path = TableDataProfiles;
			sourceTree = "<group>";
		};
		52F84E1E292D7BF800B40FAE = {
			isa = PBXGroup;
			children = (
				52F84E29292D7BF800B40FAE /* Password Strength */,
				52F84E28292D7BF800B40FAE /* Products */,
			);
			sourceTree = "<group>";
		};
		52F84E28292D7BF800B40FAE /* Products */ = {
			isa = PBXGroup;
			children = (
				52F84E27292D7BF800B40FAE /* Password Strength.app */,
			);
			name = Products;
			sourceTree = "<group>";
		};
		52F84E29292D7BF800B40FAE /* Password Strength */ = {
			isa = PBXGroup;
			children = (
				52324304292EFC98009D5898 /* TableDataProfiles */,
				52F84E3B292D7C1600B40FAE /* ViewControllers */,
				52F84E3A292D7C0B00B40FAE /* Controllers */,
				52F84E39292D7C0000B40FAE /* Delegations */,
				52F84E2E292D7BFA00B40FAE /* Assets.xcassets */,
				52F84E33292D7BFA00B40FAE /* Password_Strength.entitlements */,
			);
			path = "Password Strength";
			sourceTree = "<group>";
		};
		52F84E39292D7C0000B40FAE /* Delegations */ = {
			isa = PBXGroup;
			children = (
				52F84E2A292D7BF800B40FAE /* AppDelegate.swift */,
			);
			path = Delegations;
			sourceTree = "<group>";
		};
		52F84E3A292D7C0B00B40FAE /* Controllers */ = {
			isa = PBXGroup;
			children = (
				52F84E2C292D7BF800B40FAE /* ViewController.swift */,
			);
			path = Controllers;
			sourceTree = "<group>";
		};
		52F84E3B292D7C1600B40FAE /* ViewControllers */ = {
			isa = PBXGroup;
			children = (
				52F84E30292D7BFA00B40FAE /* Main.storyboard */,
			);
			path = ViewControllers;
			sourceTree = "<group>";
		};
/* End PBXGroup section */

/* Begin PBXNativeTarget section */
		52F84E26292D7BF800B40FAE /* Password Strength */ = {
			isa = PBXNativeTarget;
			buildConfigurationList = 52F84E36292D7BFA00B40FAE /* Build configuration list for PBXNativeTarget "Password Strength" */;
			buildPhases = (
				52F84E23292D7BF800B40FAE /* Sources */,
				52F84E24292D7BF800B40FAE /* Frameworks */,
				52F84E25292D7BF800B40FAE /* Resources */,
			);
			buildRules = (
			);
			dependencies = (
			);
			name = "Password Strength";
			productName = "Password Strength";
			productReference = 52F84E27292D7BF800B40FAE /* Password Strength.app */;
			productType = "com.apple.product-type.application";
		};
/* End PBXNativeTarget section */

/* Begin PBXProject section */
		52F84E1F292D7BF800B40FAE /* Project object */ = {
			isa = PBXProject;
			attributes = {
				BuildIndependentTargetsInParallel = 1;
				LastSwiftUpdateCheck = 1410;
				LastUpgradeCheck = 1410;
				TargetAttributes = {
					52F84E26292D7BF800B40FAE = {
						CreatedOnToolsVersion = 14.1;
					};
				};
			};
			buildConfigurationList = 52F84E22292D7BF800B40FAE /* Build configuration list for PBXProject "Password Strength" */;
			compatibilityVersion = "Xcode 14.0";
			developmentRegion = en;
			hasScannedForEncodings = 0;
			knownRegions = (
				en,
				Base,
			);
			mainGroup = 52F84E1E292D7BF800B40FAE;
			productRefGroup = 52F84E28292D7BF800B40FAE /* Products */;
			projectDirPath = "";
			projectRoot = "";
			targets = (
				52F84E26292D7BF800B40FAE /* Password Strength */,
			);
		};
/* End PBXProject section */

/* Begin PBXResourcesBuildPhase section */
		52F84E25292D7BF800B40FAE /* Resources */ = {
			isa = PBXResourcesBuildPhase;
			buildActionMask = 2147483647;
			files = (
				52F84E2F292D7BFA00B40FAE /* Assets.xcassets in Resources */,
				52F84E32292D7BFA00B40FAE /* Main.storyboard in Resources */,
			);
			runOnlyForDeploymentPostprocessing = 0;
		};
/* End PBXResourcesBuildPhase section */

/* Begin PBXSourcesBuildPhase section */
		52F84E23292D7BF800B40FAE /* Sources */ = {
			isa = PBXSourcesBuildPhase;
			buildActionMask = 2147483647;
			files = (
				52F84E2D292D7BF800B40FAE /* ViewController.swift in Sources */,
				52324308292F00FA009D5898 /* ProfileDefaults.swift in Sources */,
				52F84E2B292D7BF800B40FAE /* AppDelegate.swift in Sources */,
				52324306292EFD9C009D5898 /* PasswordSuggestStruct.swift in Sources */,
			);
			runOnlyForDeploymentPostprocessing = 0;
		};
/* End PBXSourcesBuildPhase section */

/* Begin PBXVariantGroup section */
		52F84E30292D7BFA00B40FAE /* Main.storyboard */ = {
			isa = PBXVariantGroup;
			children = (
				52F84E31292D7BFA00B40FAE /* Base */,
			);
			name = Main.storyboard;
			sourceTree = "<group>";
		};
/* End PBXVariantGroup section */

/* Begin XCBuildConfiguration section */
		52F84E34292D7BFA00B40FAE /* Debug */ = {
			isa = XCBuildConfiguration;
			buildSettings = {
				ALWAYS_SEARCH_USER_PATHS = NO;
				CLANG_ANALYZER_NONNULL = YES;
				CLANG_ANALYZER_NUMBER_OBJECT_CONVERSION = YES_AGGRESSIVE;
				CLANG_CXX_LANGUAGE_STANDARD = "gnu++20";
				CLANG_ENABLE_MODULES = YES;
				CLANG_ENABLE_OBJC_ARC = YES;
				CLANG_ENABLE_OBJC_WEAK = YES;
				CLANG_WARN_BLOCK_CAPTURE_AUTORELEASING = YES;
				CLANG_WARN_BOOL_CONVERSION = YES;
				CLANG_WARN_COMMA = YES;
				CLANG_WARN_CONSTANT_CONVERSION = YES;
				CLANG_WARN_DEPRECATED_OBJC_IMPLEMENTATIONS = YES;
				CLANG_WARN_DIRECT_OBJC_ISA_USAGE = YES_ERROR;
				CLANG_WARN_DOCUMENTATION_COMMENTS = YES;
				CLANG_WARN_EMPTY_BODY = YES;
				CLANG_WARN_ENUM_CONVERSION = YES;
				CLANG_WARN_INFINITE_RECURSION = YES;
				CLANG_WARN_INT_CONVERSION = YES;
				CLANG_WARN_NON_LITERAL_NULL_CONVERSION = YES;
				CLANG_WARN_OBJC_IMPLICIT_RETAIN_SELF = YES;
				CLANG_WARN_OBJC_LITERAL_CONVERSION = YES;
				CLANG_WARN_OBJC_ROOT_CLASS = YES_ERROR;
				CLANG_WARN_QUOTED_INCLUDE_IN_FRAMEWORK_HEADER = YES;
				CLANG_WARN_RANGE_LOOP_ANALYSIS = YES;
				CLANG_WARN_STRICT_PROTOTYPES = YES;
				CLANG_WARN_SUSPICIOUS_MOVE = YES;
				CLANG_WARN_UNGUARDED_AVAILABILITY = YES_AGGRESSIVE;
				CLANG_WARN_UNREACHABLE_CODE = YES;
				CLANG_WARN__DUPLICATE_METHOD_MATCH = YES;
				COPY_PHASE_STRIP = NO;
				DEBUG_INFORMATION_FORMAT = dwarf;
				ENABLE_STRICT_OBJC_MSGSEND = YES;
				ENABLE_TESTABILITY = YES;
				GCC_C_LANGUAGE_STANDARD = gnu11;
				GCC_DYNAMIC_NO_PIC = NO;
				GCC_NO_COMMON_BLOCKS = YES;
				GCC_OPTIMIZATION_LEVEL = 0;
				GCC_PREPROCESSOR_DEFINITIONS = (
					"DEBUG=1",
					"$(inherited)",
				);
				GCC_WARN_64_TO_32_BIT_CONVERSION = YES;
				GCC_WARN_ABOUT_RETURN_TYPE = YES_ERROR;
				GCC_WARN_UNDECLARED_SELECTOR = YES;
				GCC_WARN_UNINITIALIZED_AUTOS = YES_AGGRESSIVE;
				GCC_WARN_UNUSED_FUNCTION = YES;
				GCC_WARN_UNUSED_VARIABLE = YES;
				MACOSX_DEPLOYMENT_TARGET = 13.0;
				MTL_ENABLE_DEBUG_INFO = INCLUDE_SOURCE;
				MTL_FAST_MATH = YES;
				ONLY_ACTIVE_ARCH = YES;
				SDKROOT = macosx;
				SWIFT_ACTIVE_COMPILATION_CONDITIONS = DEBUG;
				SWIFT_OPTIMIZATION_LEVEL = "-Onone";
			};
			name = Debug;
		};
		52F84E35292D7BFA00B40FAE /* Release */ = {
			isa = XCBuildConfiguration;
			buildSettings = {
				ALWAYS_SEARCH_USER_PATHS = NO;
				CLANG_ANALYZER_NONNULL = YES;
				CLANG_ANALYZER_NUMBER_OBJECT_CONVERSION = YES_AGGRESSIVE;
				CLANG_CXX_LANGUAGE_STANDARD = "gnu++20";
				CLANG_ENABLE_MODULES = YES;
				CLANG_ENABLE_OBJC_ARC = YES;
				CLANG_ENABLE_OBJC_WEAK = YES;
				CLANG_WARN_BLOCK_CAPTURE_AUTORELEASING = YES;
				CLANG_WARN_BOOL_CONVERSION = YES;
				CLANG_WARN_COMMA = YES;
				CLANG_WARN_CONSTANT_CONVERSION = YES;
				CLANG_WARN_DEPRECATED_OBJC_IMPLEMENTATIONS = YES;
				CLANG_WARN_DIRECT_OBJC_ISA_USAGE = YES_ERROR;
				CLANG_WARN_DOCUMENTATION_COMMENTS = YES;
				CLANG_WARN_EMPTY_BODY = YES;
				CLANG_WARN_ENUM_CONVERSION = YES;
				CLANG_WARN_INFINITE_RECURSION = YES;
				CLANG_WARN_INT_CONVERSION = YES;
				CLANG_WARN_NON_LITERAL_NULL_CONVERSION = YES;
				CLANG_WARN_OBJC_IMPLICIT_RETAIN_SELF = YES;
				CLANG_WARN_OBJC_LITERAL_CONVERSION = YES;
				CLANG_WARN_OBJC_ROOT_CLASS = YES_ERROR;
				CLANG_WARN_QUOTED_INCLUDE_IN_FRAMEWORK_HEADER = YES;
				CLANG_WARN_RANGE_LOOP_ANALYSIS = YES;
				CLANG_WARN_STRICT_PROTOTYPES = YES;
				CLANG_WARN_SUSPICIOUS_MOVE = YES;
				CLANG_WARN_UNGUARDED_AVAILABILITY = YES_AGGRESSIVE;
				CLANG_WARN_UNREACHABLE_CODE = YES;
				CLANG_WARN__DUPLICATE_METHOD_MATCH = YES;
				COPY_PHASE_STRIP = NO;
				DEBUG_INFORMATION_FORMAT = "dwarf-with-dsym";
				ENABLE_NS_ASSERTIONS = NO;
				ENABLE_STRICT_OBJC_MSGSEND = YES;
				GCC_C_LANGUAGE_STANDARD = gnu11;
				GCC_NO_COMMON_BLOCKS = YES;
				GCC_WARN_64_TO_32_BIT_CONVERSION = YES;
				GCC_WARN_ABOUT_RETURN_TYPE = YES_ERROR;
				GCC_WARN_UNDECLARED_SELECTOR = YES;
				GCC_WARN_UNINITIALIZED_AUTOS = YES_AGGRESSIVE;
				GCC_WARN_UNUSED_FUNCTION = YES;
				GCC_WARN_UNUSED_VARIABLE = YES;
				MACOSX_DEPLOYMENT_TARGET = 13.0;
				MTL_ENABLE_DEBUG_INFO = NO;
				MTL_FAST_MATH = YES;
				SDKROOT = macosx;
				SWIFT_COMPILATION_MODE = wholemodule;
				SWIFT_OPTIMIZATION_LEVEL = "-O";
			};
			name = Release;
		};
		52F84E37292D7BFA00B40FAE /* Debug */ = {
			isa = XCBuildConfiguration;
			buildSettings = {
				ASSETCATALOG_COMPILER_APPICON_NAME = AppIcon;
				ASSETCATALOG_COMPILER_GLOBAL_ACCENT_COLOR_NAME = AccentColor;
				CODE_SIGN_ENTITLEMENTS = "Password Strength/Password_Strength.entitlements";
				CODE_SIGN_STYLE = Automatic;
				COMBINE_HIDPI_IMAGES = YES;
				CURRENT_PROJECT_VERSION = 1;
				DEVELOPMENT_TEAM = GF3S364V7U;
				ENABLE_HARDENED_RUNTIME = YES;
				GENERATE_INFOPLIST_FILE = YES;
				INFOPLIST_KEY_CFBundleDisplayName = "Pass Strength";
				INFOPLIST_KEY_LSApplicationCategoryType = "public.app-category.utilities";
				INFOPLIST_KEY_NSHumanReadableCopyright = "";
				INFOPLIST_KEY_NSMainStoryboardFile = Main;
				INFOPLIST_KEY_NSPrincipalClass = NSApplication;
				LD_RUNPATH_SEARCH_PATHS = (
					"$(inherited)",
					"@executable_path/../Frameworks",
				);
				MACOSX_DEPLOYMENT_TARGET = 12.0;
				MARKETING_VERSION = 1.0;
				PRODUCT_BUNDLE_IDENTIFIER = "kronos.Password-Strength";
				PRODUCT_NAME = "$(TARGET_NAME)";
				SWIFT_EMIT_LOC_STRINGS = YES;
				SWIFT_VERSION = 5.0;
			};
			name = Debug;
		};
		52F84E38292D7BFA00B40FAE /* Release */ = {
			isa = XCBuildConfiguration;
			buildSettings = {
				ASSETCATALOG_COMPILER_APPICON_NAME = AppIcon;
				ASSETCATALOG_COMPILER_GLOBAL_ACCENT_COLOR_NAME = AccentColor;
				CODE_SIGN_ENTITLEMENTS = "Password Strength/Password_Strength.entitlements";
				CODE_SIGN_STYLE = Automatic;
				COMBINE_HIDPI_IMAGES = YES;
				CURRENT_PROJECT_VERSION = 1;
				DEVELOPMENT_TEAM = GF3S364V7U;
				ENABLE_HARDENED_RUNTIME = YES;
				GENERATE_INFOPLIST_FILE = YES;
				INFOPLIST_KEY_CFBundleDisplayName = "Pass Strength";
				INFOPLIST_KEY_LSApplicationCategoryType = "public.app-category.utilities";
				INFOPLIST_KEY_NSHumanReadableCopyright = "";
				INFOPLIST_KEY_NSMainStoryboardFile = Main;
				INFOPLIST_KEY_NSPrincipalClass = NSApplication;
				LD_RUNPATH_SEARCH_PATHS = (
					"$(inherited)",
					"@executable_path/../Frameworks",
				);
				MACOSX_DEPLOYMENT_TARGET = 12.0;
				MARKETING_VERSION = 1.0;
				PRODUCT_BUNDLE_IDENTIFIER = "kronos.Password-Strength";
				PRODUCT_NAME = "$(TARGET_NAME)";
				SWIFT_EMIT_LOC_STRINGS = YES;
				SWIFT_VERSION = 5.0;
			};
			name = Release;
		};
/* End XCBuildConfiguration section */

/* Begin XCConfigurationList section */
		52F84E22292D7BF800B40FAE /* Build configuration list for PBXProject "Password Strength" */ = {
			isa = XCConfigurationList;
			buildConfigurations = (
				52F84E34292D7BFA00B40FAE /* Debug */,
				52F84E35292D7BFA00B40FAE /* Release */,
			);
			defaultConfigurationIsVisible = 0;
			defaultConfigurationName = Release;
		};
		52F84E36292D7BFA00B40FAE /* Build configuration list for PBXNativeTarget "Password Strength" */ = {
			isa = XCConfigurationList;
			buildConfigurations = (
				52F84E37292D7BFA00B40FAE /* Debug */,
				52F84E38292D7BFA00B40FAE /* Release */,
			);
			defaultConfigurationIsVisible = 0;
			defaultConfigurationName = Release;
		};
/* End XCConfigurationList section */
	};
	rootObject = 52F84E1F292D7BF800B40FAE /* Project object */;
}
